
Microsoft Visual Studio Solution File, Format Version 12.00
# Visual Studio Version 17
VisualStudioVersion = 17.8.34322.80
MinimumVisualStudioVersion = 10.0.40219.1
Project("{FAE04EC0-301F-11D3-BF4B-00C04F79EFBC}") = "Books", "Books\Books.csproj", "{93B837FF-63AC-4FFE-96CB-F6F85A4E739C}"
EndProject
Project("{FAE04EC0-301F-11D3-BF4B-00C04F79EFBC}") = "Infra", "Infra\Infra.csproj", "{A77B3981-B038-480A-B14E-388485EEEFDF}"
EndProject
Project("{FAE04EC0-301F-11D3-BF4B-00C04F79EFBC}") = "Application", "Application\Application.csproj", "{D89A8405-713D-422C-9DD5-D28798ED4C0E}"
EndProject
Project("{FAE04EC0-301F-11D3-BF4B-00C04F79EFBC}") = "Domain", "Domain\Domain.csproj", "{934E3364-0F08-423C-86F7-939F5EEDC343}"
EndProject
Global
	GlobalSection(SolutionConfigurationPlatforms) = preSolution
		Debug|Any CPU = Debug|Any CPU
		Release|Any CPU = Release|Any CPU
	EndGlobalSection
	GlobalSection(ProjectConfigurationPlatforms) = postSolution
		{93B837FF-63AC-4FFE-96CB-F6F85A4E739C}.Debug|Any CPU.ActiveCfg = Debug|Any CPU
		{93B837FF-63AC-4FFE-96CB-F6F85A4E739C}.Debug|Any CPU.Build.0 = Debug|Any CPU
		{93B837FF-63AC-4FFE-96CB-F6F85A4E739C}.Release|Any CPU.ActiveCfg = Release|Any CPU
		{93B837FF-63AC-4FFE-96CB-F6F85A4E739C}.Release|Any CPU.Build.0 = Release|Any CPU
		{A77B3981-B038-480A-B14E-388485EEEFDF}.Debug|Any CPU.ActiveCfg = Debug|Any CPU
		{A77B3981-B038-480A-B14E-388485EEEFDF}.Debug|Any CPU.Build.0 = Debug|Any CPU
		{A77B3981-B038-480A-B14E-388485EEEFDF}.Release|Any CPU.ActiveCfg = Release|Any CPU
		{A77B3981-B038-480A-B14E-388485EEEFDF}.Release|Any CPU.Build.0 = Release|Any CPU
		{D89A8405-713D-422C-9DD5-D28798ED4C0E}.Debug|Any CPU.ActiveCfg = Debug|Any CPU
		{D89A8405-713D-422C-9DD5-D28798ED4C0E}.Debug|Any CPU.Build.0 = Debug|Any CPU
		{D89A8405-713D-422C-9DD5-D28798ED4C0E}.Release|Any CPU.ActiveCfg = Release|Any CPU
		{D89A8405-713D-422C-9DD5-D28798ED4C0E}.Release|Any CPU.Build.0 = Release|Any CPU
		{934E3364-0F08-423C-86F7-939F5EEDC343}.Debug|Any CPU.ActiveCfg = Debug|Any CPU
		{934E3364-0F08-423C-86F7-939F5EEDC343}.Debug|Any CPU.Build.0 = Debug|Any CPU
		{934E3364-0F08-423C-86F7-939F5EEDC343}.Release|Any CPU.ActiveCfg = Release|Any CPU
		{934E3364-0F08-423C-86F7-939F5EEDC343}.Release|Any CPU.Build.0 = Release|Any CPU
	EndGlobalSection
	GlobalSection(SolutionProperties) = preSolution
		HideSolutionNode = FALSE
	EndGlobalSection
	GlobalSection(ExtensibilityGlobals) = postSolution
		SolutionGuid = {3A66DED0-338E-4ACA-AC36-C58188898CB4}
	EndGlobalSection
EndGlobal
